Microsoft Visual Studio Solution File, Format Version 11.00
# Visual Studio 2008

Project("{4A49CCC2-898F-B236-8E81-8D661D20E27F}") = "NumberWizardUI", "Assembly-CSharp.csproj", "{15698281-AD0E-B887-4BBA-2109AA801257}"
EndProject
Global
	GlobalSection(SolutionConfigurationPlatforms) = preSolution
		Debug|Any CPU = Debug|Any CPU
		Release|Any CPU = Release|Any CPU
	EndGlobalSection
	GlobalSection(ProjectConfigurationPlatforms) = postSolution
		{15698281-AD0E-B887-4BBA-2109AA801257}.Debug|Any CPU.ActiveCfg = Debug|Any CPU
		{15698281-AD0E-B887-4BBA-2109AA801257}.Debug|Any CPU.Build.0 = Debug|Any CPU
		{15698281-AD0E-B887-4BBA-2109AA801257}.Release|Any CPU.ActiveCfg = Release|Any CPU
		{15698281-AD0E-B887-4BBA-2109AA801257}.Release|Any CPU.Build.0 = Release|Any CPU
	EndGlobalSection
	GlobalSection(SolutionProperties) = preSolution
		HideSolutionNode = FALSE
	EndGlobalSection
	GlobalSection(MonoDevelopProperties) = preSolution
		StartupItem = Assembly-CSharp.csproj
	EndGlobalSection
EndGlobal
