Microsoft Visual Studio Solution File, Format Version 11.00
# Visual Studio 2008

Project("{8084F27C-4421-FCD0-C99B-5EB6E31BE402}") = "GuessTheNumber", "Assembly-CSharp.csproj", "{0790D397-3051-D0C2-FEB5-0EB5E5AC5CF5}"
EndProject
Global
	GlobalSection(SolutionConfigurationPlatforms) = preSolution
		Debug|Any CPU = Debug|Any CPU
		Release|Any CPU = Release|Any CPU
	EndGlobalSection
	GlobalSection(ProjectConfigurationPlatforms) = postSolution
		{0790D397-3051-D0C2-FEB5-0EB5E5AC5CF5}.Debug|Any CPU.ActiveCfg = Debug|Any CPU
		{0790D397-3051-D0C2-FEB5-0EB5E5AC5CF5}.Debug|Any CPU.Build.0 = Debug|Any CPU
		{0790D397-3051-D0C2-FEB5-0EB5E5AC5CF5}.Release|Any CPU.ActiveCfg = Release|Any CPU
		{0790D397-3051-D0C2-FEB5-0EB5E5AC5CF5}.Release|Any CPU.Build.0 = Release|Any CPU
	EndGlobalSection
	GlobalSection(SolutionProperties) = preSolution
		HideSolutionNode = FALSE
	EndGlobalSection
	GlobalSection(MonoDevelopProperties) = preSolution
		StartupItem = Assembly-CSharp.csproj
	EndGlobalSection
EndGlobal
